
Microsoft Visual Studio Solution File, Format Version 12.00
# Visual Studio Version 16
VisualStudioVersion = 16.0.30413.136
MinimumVisualStudioVersion = 15.0.26124.0
Project("{9A19103F-16F7-4668-BE54-9A1E7A4F7556}") = "Challenges", "Challenges\Challenges.csproj", "{6CF252D2-7E8D-4930-A8D8-DC3F574779E6}"
EndProject
Project("{FAE04EC0-301F-11D3-BF4B-00C04F79EFBC}") = "Challenges.test", "Challenges.test\Challenges.test.csproj", "{7FDDC8B4-2C5F-406E-9EC0-62297E47D383}"
EndProject
Global
	GlobalSection(SolutionConfigurationPlatforms) = preSolution
		Debug|Any CPU = Debug|Any CPU
		Debug|x64 = Debug|x64
		Debug|x86 = Debug|x86
		Release|Any CPU = Release|Any CPU
		Release|x64 = Release|x64
		Release|x86 = Release|x86
	EndGlobalSection
	GlobalSection(ProjectConfigurationPlatforms) = postSolution
		{6CF252D2-7E8D-4930-A8D8-DC3F574779E6}.Debug|Any CPU.ActiveCfg = Debug|Any CPU
		{6CF252D2-7E8D-4930-A8D8-DC3F574779E6}.Debug|Any CPU.Build.0 = Debug|Any CPU
		{6CF252D2-7E8D-4930-A8D8-DC3F574779E6}.Debug|x64.ActiveCfg = Debug|Any CPU
		{6CF252D2-7E8D-4930-A8D8-DC3F574779E6}.Debug|x64.Build.0 = Debug|Any CPU
		{6CF252D2-7E8D-4930-A8D8-DC3F574779E6}.Debug|x86.ActiveCfg = Debug|Any CPU
		{6CF252D2-7E8D-4930-A8D8-DC3F574779E6}.Debug|x86.Build.0 = Debug|Any CPU
		{6CF252D2-7E8D-4930-A8D8-DC3F574779E6}.Release|Any CPU.ActiveCfg = Release|Any CPU
		{6CF252D2-7E8D-4930-A8D8-DC3F574779E6}.Release|Any CPU.Build.0 = Release|Any CPU
		{6CF252D2-7E8D-4930-A8D8-DC3F574779E6}.Release|x64.ActiveCfg = Release|Any CPU
		{6CF252D2-7E8D-4930-A8D8-DC3F574779E6}.Release|x64.Build.0 = Release|Any CPU
		{6CF252D2-7E8D-4930-A8D8-DC3F574779E6}.Release|x86.ActiveCfg = Release|Any CPU
		{6CF252D2-7E8D-4930-A8D8-DC3F574779E6}.Release|x86.Build.0 = Release|Any CPU
		{7FDDC8B4-2C5F-406E-9EC0-62297E47D383}.Debug|Any CPU.ActiveCfg = Debug|Any CPU
		{7FDDC8B4-2C5F-406E-9EC0-62297E47D383}.Debug|Any CPU.Build.0 = Debug|Any CPU
		{7FDDC8B4-2C5F-406E-9EC0-62297E47D383}.Debug|x64.ActiveCfg = Debug|Any CPU
		{7FDDC8B4-2C5F-406E-9EC0-62297E47D383}.Debug|x64.Build.0 = Debug|Any CPU
		{7FDDC8B4-2C5F-406E-9EC0-62297E47D383}.Debug|x86.ActiveCfg = Debug|Any CPU
		{7FDDC8B4-2C5F-406E-9EC0-62297E47D383}.Debug|x86.Build.0 = Debug|Any CPU
		{7FDDC8B4-2C5F-406E-9EC0-62297E47D383}.Release|Any CPU.ActiveCfg = Release|Any CPU
		{7FDDC8B4-2C5F-406E-9EC0-62297E47D383}.Release|Any CPU.Build.0 = Release|Any CPU
		{7FDDC8B4-2C5F-406E-9EC0-62297E47D383}.Release|x64.ActiveCfg = Release|Any CPU
		{7FDDC8B4-2C5F-406E-9EC0-62297E47D383}.Release|x64.Build.0 = Release|Any CPU
		{7FDDC8B4-2C5F-406E-9EC0-62297E47D383}.Release|x86.ActiveCfg = Release|Any CPU
		{7FDDC8B4-2C5F-406E-9EC0-62297E47D383}.Release|x86.Build.0 = Release|Any CPU
	EndGlobalSection
	GlobalSection(SolutionProperties) = preSolution
		HideSolutionNode = FALSE
	EndGlobalSection
	GlobalSection(ExtensibilityGlobals) = postSolution
		SolutionGuid = {1A3322E5-BF3A-4A76-8C72-8416AD4ED919}
	EndGlobalSection
EndGlobal
